
Microsoft Visual Studio Solution File, Format Version 12.00
# Visual Studio Version 16
VisualStudioVersion = 16.0.30611.23
MinimumVisualStudioVersion = 10.0.40219.1
Project("{FAE04EC0-301F-11D3-BF4B-00C04F79EFBC}") = "DRYDemo", "DRYDemo\DRYDemo.csproj", "{73FD40E2-BB72-4EAE-851F-40ED5C8B7198}"
EndProject
Global
	GlobalSection(SolutionConfigurationPlatforms) = preSolution
		Debug|Any CPU = Debug|Any CPU
		Release|Any CPU = Release|Any CPU
	EndGlobalSection
	GlobalSection(ProjectConfigurationPlatforms) = postSolution
		{73FD40E2-BB72-4EAE-851F-40ED5C8B7198}.Debug|Any CPU.ActiveCfg = Debug|Any CPU
		{73FD40E2-BB72-4EAE-851F-40ED5C8B7198}.Debug|Any CPU.Build.0 = Debug|Any CPU
		{73FD40E2-BB72-4EAE-851F-40ED5C8B7198}.Release|Any CPU.ActiveCfg = Release|Any CPU
		{73FD40E2-BB72-4EAE-851F-40ED5C8B7198}.Release|Any CPU.Build.0 = Release|Any CPU
	EndGlobalSection
	GlobalSection(SolutionProperties) = preSolution
		HideSolutionNode = FALSE
	EndGlobalSection
	GlobalSection(ExtensibilityGlobals) = postSolution
		SolutionGuid = {41872D04-DEA5-49B1-9CCB-C9B755992A76}
	EndGlobalSection
EndGlobal
