
Microsoft Visual Studio Solution File, Format Version 12.00
# Visual Studio Version 16
VisualStudioVersion = 16.0.30611.23
MinimumVisualStudioVersion = 10.0.40219.1
Project("{FAE04EC0-301F-11D3-BF4B-00C04F79EFBC}") = "ObserverDemo", "ObserverDemo\ObserverDemo.csproj", "{9F776D5E-DB2F-43EA-AEA5-D95B80CC12FD}"
EndProject
Global
	GlobalSection(SolutionConfigurationPlatforms) = preSolution
		Debug|Any CPU = Debug|Any CPU
		Release|Any CPU = Release|Any CPU
	EndGlobalSection
	GlobalSection(ProjectConfigurationPlatforms) = postSolution
		{9F776D5E-DB2F-43EA-AEA5-D95B80CC12FD}.Debug|Any CPU.ActiveCfg = Debug|Any CPU
		{9F776D5E-DB2F-43EA-AEA5-D95B80CC12FD}.Debug|Any CPU.Build.0 = Debug|Any CPU
		{9F776D5E-DB2F-43EA-AEA5-D95B80CC12FD}.Release|Any CPU.ActiveCfg = Release|Any CPU
		{9F776D5E-DB2F-43EA-AEA5-D95B80CC12FD}.Release|Any CPU.Build.0 = Release|Any CPU
	EndGlobalSection
	GlobalSection(SolutionProperties) = preSolution
		HideSolutionNode = FALSE
	EndGlobalSection
	GlobalSection(ExtensibilityGlobals) = postSolution
		SolutionGuid = {A76D27E7-B3F6-4900-8DC7-2118FBDBF068}
	EndGlobalSection
EndGlobal
