
Microsoft Visual Studio Solution File, Format Version 12.00
# Visual Studio Version 16
VisualStudioVersion = 16.0.30611.23
MinimumVisualStudioVersion = 10.0.40219.1
Project("{FAE04EC0-301F-11D3-BF4B-00C04F79EFBC}") = "LiskovSubstitutionPrinciple", "LiskovSubstitutionPrinciple\LiskovSubstitutionPrinciple.csproj", "{53570224-CEFA-486F-838B-88C0E7A415E3}"
EndProject
Global
	GlobalSection(SolutionConfigurationPlatforms) = preSolution
		Debug|Any CPU = Debug|Any CPU
		Release|Any CPU = Release|Any CPU
	EndGlobalSection
	GlobalSection(ProjectConfigurationPlatforms) = postSolution
		{53570224-CEFA-486F-838B-88C0E7A415E3}.Debug|Any CPU.ActiveCfg = Debug|Any CPU
		{53570224-CEFA-486F-838B-88C0E7A415E3}.Debug|Any CPU.Build.0 = Debug|Any CPU
		{53570224-CEFA-486F-838B-88C0E7A415E3}.Release|Any CPU.ActiveCfg = Release|Any CPU
		{53570224-CEFA-486F-838B-88C0E7A415E3}.Release|Any CPU.Build.0 = Release|Any CPU
	EndGlobalSection
	GlobalSection(SolutionProperties) = preSolution
		HideSolutionNode = FALSE
	EndGlobalSection
	GlobalSection(ExtensibilityGlobals) = postSolution
		SolutionGuid = {9E832417-39DE-4C1D-B408-DE1821978981}
	EndGlobalSection
EndGlobal
