
Microsoft Visual Studio Solution File, Format Version 12.00
# Visual Studio Version 16
VisualStudioVersion = 16.0.30611.23
MinimumVisualStudioVersion = 10.0.40219.1
Project("{FAE04EC0-301F-11D3-BF4B-00C04F79EFBC}") = "StrategyDemo", "StrategyDemo\StrategyDemo.csproj", "{D33A64C3-18C5-44F0-8244-8992840D9107}"
EndProject
Global
	GlobalSection(SolutionConfigurationPlatforms) = preSolution
		Debug|Any CPU = Debug|Any CPU
		Release|Any CPU = Release|Any CPU
	EndGlobalSection
	GlobalSection(ProjectConfigurationPlatforms) = postSolution
		{D33A64C3-18C5-44F0-8244-8992840D9107}.Debug|Any CPU.ActiveCfg = Debug|Any CPU
		{D33A64C3-18C5-44F0-8244-8992840D9107}.Debug|Any CPU.Build.0 = Debug|Any CPU
		{D33A64C3-18C5-44F0-8244-8992840D9107}.Release|Any CPU.ActiveCfg = Release|Any CPU
		{D33A64C3-18C5-44F0-8244-8992840D9107}.Release|Any CPU.Build.0 = Release|Any CPU
	EndGlobalSection
	GlobalSection(SolutionProperties) = preSolution
		HideSolutionNode = FALSE
	EndGlobalSection
	GlobalSection(ExtensibilityGlobals) = postSolution
		SolutionGuid = {63E072EB-E915-4D07-97CE-1420A721706A}
	EndGlobalSection
EndGlobal
